// !$*UTF8*$!
{
	archiveVersion = 1;
	classes = {
	};
	objectVersion = 46;
	objects = {

/* Begin PBXBuildFile section */
		A3E4FB2D1F78240B00A1DEDC /* AppDelegate.swift in Sources */ = {isa = PBXBuildFile; fileRef = A3E4FB2C1F78240B00A1DEDC /* AppDelegate.swift */; };
		A3E4FB2F1F78240B00A1DEDC /* ViewController.swift in Sources */ = {isa = PBXBuildFile; fileRef = A3E4FB2E1F78240B00A1DEDC /* ViewController.swift */; };
		A3E4FB321F78240B00A1DEDC /* Main.storyboard in Resources */ = {isa = PBXBuildFile; fileRef = A3E4FB301F78240B00A1DEDC /* Main.storyboard */; };
		A3E4FB341F78240B00A1DEDC /* Assets.xcassets in Resources */ = {isa = PBXBuildFile; fileRef = A3E4FB331F78240B00A1DEDC /* Assets.xcassets */; };
		A3E4FB371F78240B00A1DEDC /* LaunchScreen.storyboard in Resources */ = {isa = PBXBuildFile; fileRef = A3E4FB351F78240B00A1DEDC /* LaunchScreen.storyboard */; };
		A3E4FB421F7824BE00A1DEDC /* ProgressBarDraw.swift in Sources */ = {isa = PBXBuildFile; fileRef = A3E4FB411F7824BE00A1DEDC /* ProgressBarDraw.swift */; };
		A3E4FB441F79433E00A1DEDC /* ProgressBarView.swift in Sources */ = {isa = PBXBuildFile; fileRef = A3E4FB431F79433E00A1DEDC /* ProgressBarView.swift */; };
/* End PBXBuildFile section */

/* Begin PBXFileReference section */
		A3E4FB291F78240B00A1DEDC /* ProgressBar.app */ = {isa = PBXFileReference; explicitFileType = wrapper.application; includeInIndex = 0; path = ProgressBar.app; sourceTree = BUILT_PRODUCTS_DIR; };
		A3E4FB2C1F78240B00A1DEDC /* AppDelegate.swift */ = {isa = PBXFileReference; lastKnownFileType = sourcecode.swift; path = AppDelegate.swift; sourceTree = "<group>"; };
		A3E4FB2E1F78240B00A1DEDC /* ViewController.swift */ = {isa = PBXFileReference; lastKnownFileType = sourcecode.swift; path = ViewController.swift; sourceTree = "<group>"; };
		A3E4FB311F78240B00A1DEDC /* Base */ = {isa = PBXFileReference; lastKnownFileType = file.storyboard; name = Base; path = Base.lproj/Main.storyboard; sourceTree = "<group>"; };
		A3E4FB331F78240B00A1DEDC /* Assets.xcassets */ = {isa = PBXFileReference; lastKnownFileType = folder.assetcatalog; path = Assets.xcassets; sourceTree = "<group>"; };
		A3E4FB361F78240B00A1DEDC /* Base */ = {isa = PBXFileReference; lastKnownFileType = file.storyboard; name = Base; path = Base.lproj/LaunchScreen.storyboard; sourceTree = "<group>"; };
		A3E4FB381F78240B00A1DEDC /* Info.plist */ = {isa = PBXFileReference; lastKnownFileType = text.plist.xml; path = Info.plist; sourceTree = "<group>"; };
		A3E4FB411F7824BE00A1DEDC /* ProgressBarDraw.swift */ = {isa = PBXFileReference; fileEncoding = 4; lastKnownFileType = sourcecode.swift; path = ProgressBarDraw.swift; sourceTree = "<group>"; };
		A3E4FB431F79433E00A1DEDC /* ProgressBarView.swift */ = {isa = PBXFileReference; fileEncoding = 4; lastKnownFileType = sourcecode.swift; path = ProgressBarView.swift; sourceTree = "<group>"; };
/* End PBXFileReference section */

/* Begin PBXFrameworksBuildPhase section */
		A3E4FB261F78240B00A1DEDC /* Frameworks */ = {
			isa = PBXFrameworksBuildPhase;
			buildActionMask = 2147483647;
			files = (
			);
			runOnlyForDeploymentPostprocessing = 0;
		};
/* End PBXFrameworksBuildPhase section */

/* Begin PBXGroup section */
		A3E4FB201F78240B00A1DEDC = {
			isa = PBXGroup;
			children = (
				A3E4FB2B1F78240B00A1DEDC /* ProgressBar */,
				A3E4FB2A1F78240B00A1DEDC /* Products */,
			);
			sourceTree = "<group>";
		};
		A3E4FB2A1F78240B00A1DEDC /* Products */ = {
			isa = PBXGroup;
			children = (
				A3E4FB291F78240B00A1DEDC /* ProgressBar.app */,
			);
			name = Products;
			sourceTree = "<group>";
		};
		A3E4FB2B1F78240B00A1DEDC /* ProgressBar */ = {
			isa = PBXGroup;
			children = (
				A3E4FB401F78244900A1DEDC /* Model */,
				A3E4FB3F1F78244400A1DEDC /* View */,
				A3E4FB3E1F78243D00A1DEDC /* Controller */,
				A3E4FB2C1F78240B00A1DEDC /* AppDelegate.swift */,
				A3E4FB301F78240B00A1DEDC /* Main.storyboard */,
				A3E4FB331F78240B00A1DEDC /* Assets.xcassets */,
				A3E4FB351F78240B00A1DEDC /* LaunchScreen.storyboard */,
				A3E4FB381F78240B00A1DEDC /* Info.plist */,
			);
			path = ProgressBar;
			sourceTree = "<group>";
		};
		A3E4FB3E1F78243D00A1DEDC /* Controller */ = {
			isa = PBXGroup;
			children = (
				A3E4FB2E1F78240B00A1DEDC /* ViewController.swift */,
			);
			name = Controller;
			sourceTree = "<group>";
		};
		A3E4FB3F1F78244400A1DEDC /* View */ = {
			isa = PBXGroup;
			children = (
				A3E4FB411F7824BE00A1DEDC /* ProgressBarDraw.swift */,
				A3E4FB431F79433E00A1DEDC /* ProgressBarView.swift */,
			);
			name = View;
			sourceTree = "<group>";
		};
		A3E4FB401F78244900A1DEDC /* Model */ = {
			isa = PBXGroup;
			children = (
			);
			name = Model;
			sourceTree = "<group>";
		};
/* End PBXGroup section */

/* Begin PBXNativeTarget section */
		A3E4FB281F78240B00A1DEDC /* ProgressBar */ = {
			isa = PBXNativeTarget;
			buildConfigurationList = A3E4FB3B1F78240B00A1DEDC /* Build configuration list for PBXNativeTarget "ProgressBar" */;
			buildPhases = (
				A3E4FB251F78240B00A1DEDC /* Sources */,
				A3E4FB261F78240B00A1DEDC /* Frameworks */,
				A3E4FB271F78240B00A1DEDC /* Resources */,
			);
			buildRules = (
			);
			dependencies = (
			);
			name = ProgressBar;
			productName = ProgressBar;
			productReference = A3E4FB291F78240B00A1DEDC /* ProgressBar.app */;
			productType = "com.apple.product-type.application";
		};
/* End PBXNativeTarget section */

/* Begin PBXProject section */
		A3E4FB211F78240B00A1DEDC /* Project object */ = {
			isa = PBXProject;
			attributes = {
				LastSwiftUpdateCheck = 0820;
				LastUpgradeCheck = 0820;
				ORGANIZATIONNAME = "IT-4-ALL";
				TargetAttributes = {
					A3E4FB281F78240B00A1DEDC = {
						CreatedOnToolsVersion = 8.2.1;
						ProvisioningStyle = Automatic;
					};
				};
			};
			buildConfigurationList = A3E4FB241F78240B00A1DEDC /* Build configuration list for PBXProject "ProgressBar" */;
			compatibilityVersion = "Xcode 3.2";
			developmentRegion = English;
			hasScannedForEncodings = 0;
			knownRegions = (
				en,
				Base,
			);
			mainGroup = A3E4FB201F78240B00A1DEDC;
			productRefGroup = A3E4FB2A1F78240B00A1DEDC /* Products */;
			projectDirPath = "";
			projectRoot = "";
			targets = (
				A3E4FB281F78240B00A1DEDC /* ProgressBar */,
			);
		};
/* End PBXProject section */

/* Begin PBXResourcesBuildPhase section */
		A3E4FB271F78240B00A1DEDC /* Resources */ = {
			isa = PBXResourcesBuildPhase;
			buildActionMask = 2147483647;
			files = (
				A3E4FB371F78240B00A1DEDC /* LaunchScreen.storyboard in Resources */,
				A3E4FB341F78240B00A1DEDC /* Assets.xcassets in Resources */,
				A3E4FB321F78240B00A1DEDC /* Main.storyboard in Resources */,
			);
			runOnlyForDeploymentPostprocessing = 0;
		};
/* End PBXResourcesBuildPhase section */

/* Begin PBXSourcesBuildPhase section */
		A3E4FB251F78240B00A1DEDC /* Sources */ = {
			isa = PBXSourcesBuildPhase;
			buildActionMask = 2147483647;
			files = (
				A3E4FB2F1F78240B00A1DEDC /* ViewController.swift in Sources */,
				A3E4FB441F79433E00A1DEDC /* ProgressBarView.swift in Sources */,
				A3E4FB421F7824BE00A1DEDC /* ProgressBarDraw.swift in Sources */,
				A3E4FB2D1F78240B00A1DEDC /* AppDelegate.swift in Sources */,
			);
			runOnlyForDeploymentPostprocessing = 0;
		};
/* End PBXSourcesBuildPhase section */

/* Begin PBXVariantGroup section */
		A3E4FB301F78240B00A1DEDC /* Main.storyboard */ = {
			isa = PBXVariantGroup;
			children = (
				A3E4FB311F78240B00A1DEDC /* Base */,
			);
			name = Main.storyboard;
			sourceTree = "<group>";
		};
		A3E4FB351F78240B00A1DEDC /* LaunchScreen.storyboard */ = {
			isa = PBXVariantGroup;
			children = (
				A3E4FB361F78240B00A1DEDC /* Base */,
			);
			name = LaunchScreen.storyboard;
			sourceTree = "<group>";
		};
/* End PBXVariantGroup section */

/* Begin XCBuildConfiguration section */
		A3E4FB391F78240B00A1DEDC /* Debug */ = {
			isa = XCBuildConfiguration;
			buildSettings = {
				ALWAYS_SEARCH_USER_PATHS = NO;
				CLANG_ANALYZER_NONNULL = YES;
				CLANG_CXX_LANGUAGE_STANDARD = "gnu++0x";
				CLANG_CXX_LIBRARY = "libc++";
				CLANG_ENABLE_MODULES = YES;
				CLANG_ENABLE_OBJC_ARC = YES;
				CLANG_WARN_BOOL_CONVERSION = YES;
				CLANG_WARN_CONSTANT_CONVERSION = YES;
				CLANG_WARN_DIRECT_OBJC_ISA_USAGE = YES_ERROR;
				CLANG_WARN_DOCUMENTATION_COMMENTS = YES;
				CLANG_WARN_EMPTY_BODY = YES;
				CLANG_WARN_ENUM_CONVERSION = YES;
				CLANG_WARN_INFINITE_RECURSION = YES;
				CLANG_WARN_INT_CONVERSION = YES;
				CLANG_WARN_OBJC_ROOT_CLASS = YES_ERROR;
				CLANG_WARN_SUSPICIOUS_MOVE = YES;
				CLANG_WARN_UNREACHABLE_CODE = YES;
				CLANG_WARN__DUPLICATE_METHOD_MATCH = YES;
				"CODE_SIGN_IDENTITY[sdk=iphoneos*]" = "iPhone Developer";
				COPY_PHASE_STRIP = NO;
				DEBUG_INFORMATION_FORMAT = dwarf;
				ENABLE_STRICT_OBJC_MSGSEND = YES;
				ENABLE_TESTABILITY = YES;
				GCC_C_LANGUAGE_STANDARD = gnu99;
				GCC_DYNAMIC_NO_PIC = NO;
				GCC_NO_COMMON_BLOCKS = YES;
				GCC_OPTIMIZATION_LEVEL = 0;
				GCC_PREPROCESSOR_DEFINITIONS = (
					"DEBUG=1",
					"$(inherited)",
				);
				GCC_WARN_64_TO_32_BIT_CONVERSION = YES;
				GCC_WARN_ABOUT_RETURN_TYPE = YES_ERROR;
				GCC_WARN_UNDECLARED_SELECTOR = YES;
				GCC_WARN_UNINITIALIZED_AUTOS = YES_AGGRESSIVE;
				GCC_WARN_UNUSED_FUNCTION = YES;
				GCC_WARN_UNUSED_VARIABLE = YES;
				IPHONEOS_DEPLOYMENT_TARGET = 10.2;
				MTL_ENABLE_DEBUG_INFO = YES;
				ONLY_ACTIVE_ARCH = YES;
				SDKROOT = iphoneos;
				SWIFT_ACTIVE_COMPILATION_CONDITIONS = DEBUG;
				SWIFT_OPTIMIZATION_LEVEL = "-Onone";
			};
			name = Debug;
		};
		A3E4FB3A1F78240B00A1DEDC /* Release */ = {
			isa = XCBuildConfiguration;
			buildSettings = {
				ALWAYS_SEARCH_USER_PATHS = NO;
				CLANG_ANALYZER_NONNULL = YES;
				CLANG_CXX_LANGUAGE_STANDARD = "gnu++0x";
				CLANG_CXX_LIBRARY = "libc++";
				CLANG_ENABLE_MODULES = YES;
				CLANG_ENABLE_OBJC_ARC = YES;
				CLANG_WARN_BOOL_CONVERSION = YES;
				CLANG_WARN_CONSTANT_CONVERSION = YES;
				CLANG_WARN_DIRECT_OBJC_ISA_USAGE = YES_ERROR;
				CLANG_WARN_DOCUMENTATION_COMMENTS = YES;
				CLANG_WARN_EMPTY_BODY = YES;
				CLANG_WARN_ENUM_CONVERSION = YES;
				CLANG_WARN_INFINITE_RECURSION = YES;
				CLANG_WARN_INT_CONVERSION = YES;
				CLANG_WARN_OBJC_ROOT_CLASS = YES_ERROR;
				CLANG_WARN_SUSPICIOUS_MOVE = YES;
				CLANG_WARN_UNREACHABLE_CODE = YES;
				CLANG_WARN__DUPLICATE_METHOD_MATCH = YES;
				"CODE_SIGN_IDENTITY[sdk=iphoneos*]" = "iPhone Developer";
				COPY_PHASE_STRIP = NO;
				DEBUG_INFORMATION_FORMAT = "dwarf-with-dsym";
				ENABLE_NS_ASSERTIONS = NO;
				ENABLE_STRICT_OBJC_MSGSEND = YES;
				GCC_C_LANGUAGE_STANDARD = gnu99;
				GCC_NO_COMMON_BLOCKS = YES;
				GCC_WARN_64_TO_32_BIT_CONVERSION = YES;
				GCC_WARN_ABOUT_RETURN_TYPE = YES_ERROR;
				GCC_WARN_UNDECLARED_SELECTOR = YES;
				GCC_WARN_UNINITIALIZED_AUTOS = YES_AGGRESSIVE;
				GCC_WARN_UNUSED_FUNCTION = YES;
				GCC_WARN_UNUSED_VARIABLE = YES;
				IPHONEOS_DEPLOYMENT_TARGET = 10.2;
				MTL_ENABLE_DEBUG_INFO = NO;
				SDKROOT = iphoneos;
				SWIFT_OPTIMIZATION_LEVEL = "-Owholemodule";
				VALIDATE_PRODUCT = YES;
			};
			name = Release;
		};
		A3E4FB3C1F78240B00A1DEDC /* Debug */ = {
			isa = XCBuildConfiguration;
			buildSettings = {
				ASSETCATALOG_COMPILER_APPICON_NAME = AppIcon;
				INFOPLIST_FILE = ProgressBar/Info.plist;
				LD_RUNPATH_SEARCH_PATHS = "$(inherited) @executable_path/Frameworks";
				PRODUCT_BUNDLE_IDENTIFIER = Ricardo.Lousada.ProgressBar;
				PRODUCT_NAME = "$(TARGET_NAME)";
				SWIFT_VERSION = 3.0;
			};
			name = Debug;
		};
		A3E4FB3D1F78240B00A1DEDC /* Release */ = {
			isa = XCBuildConfiguration;
			buildSettings = {
				ASSETCATALOG_COMPILER_APPICON_NAME = AppIcon;
				INFOPLIST_FILE = ProgressBar/Info.plist;
				LD_RUNPATH_SEARCH_PATHS = "$(inherited) @executable_path/Frameworks";
				PRODUCT_BUNDLE_IDENTIFIER = Ricardo.Lousada.ProgressBar;
				PRODUCT_NAME = "$(TARGET_NAME)";
				SWIFT_VERSION = 3.0;
			};
			name = Release;
		};
/* End XCBuildConfiguration section */

/* Begin XCConfigurationList section */
		A3E4FB241F78240B00A1DEDC /* Build configuration list for PBXProject "ProgressBar" */ = {
			isa = XCConfigurationList;
			buildConfigurations = (
				A3E4FB391F78240B00A1DEDC /* Debug */,
				A3E4FB3A1F78240B00A1DEDC /* Release */,
			);
			defaultConfigurationIsVisible = 0;
			defaultConfigurationName = Release;
		};
		A3E4FB3B1F78240B00A1DEDC /* Build configuration list for PBXNativeTarget "ProgressBar" */ = {
			isa = XCConfigurationList;
			buildConfigurations = (
				A3E4FB3C1F78240B00A1DEDC /* Debug */,
				A3E4FB3D1F78240B00A1DEDC /* Release */,
			);
			defaultConfigurationIsVisible = 0;
		};
/* End XCConfigurationList section */
	};
	rootObject = A3E4FB211F78240B00A1DEDC /* Project object */;
}
